
Microsoft Visual Studio Solution File, Format Version 12.00
# Visual Studio Version 16
VisualStudioVersion = 16.0.31410.357
MinimumVisualStudioVersion = 10.0.40219.1
Project("{FAE04EC0-301F-11D3-BF4B-00C04F79EFBC}") = "PaymentAPI", "PaymentAPI\PaymentAPI.csproj", "{0D5C84B5-40D1-4A22-8003-CC594A40CAF2}"
EndProject
Global
	GlobalSection(SolutionConfigurationPlatforms) = preSolution
		Debug|Any CPU = Debug|Any CPU
		Release|Any CPU = Release|Any CPU
	EndGlobalSection
	GlobalSection(ProjectConfigurationPlatforms) = postSolution
		{0D5C84B5-40D1-4A22-8003-CC594A40CAF2}.Debug|Any CPU.ActiveCfg = Debug|Any CPU
		{0D5C84B5-40D1-4A22-8003-CC594A40CAF2}.Debug|Any CPU.Build.0 = Debug|Any CPU
		{0D5C84B5-40D1-4A22-8003-CC594A40CAF2}.Release|Any CPU.ActiveCfg = Release|Any CPU
		{0D5C84B5-40D1-4A22-8003-CC594A40CAF2}.Release|Any CPU.Build.0 = Release|Any CPU
	EndGlobalSection
	GlobalSection(SolutionProperties) = preSolution
		HideSolutionNode = FALSE
	EndGlobalSection
	GlobalSection(ExtensibilityGlobals) = postSolution
		SolutionGuid = {F1604A95-F9FD-4F15-AC98-0D48581876E0}
	EndGlobalSection
EndGlobal
